
Microsoft Visual Studio Solution File, Format Version 12.00
# Visual Studio Version 17
VisualStudioVersion = 17.4.33205.214
MinimumVisualStudioVersion = 10.0.40219.1
Project("{9A19103F-16F7-4668-BE54-9A1E7A4F7556}") = "ClientAPI", "ClientAPI.csproj", "{91314BB0-E41C-4ED2-938E-A7C6DE4ACA72}"
EndProject
Global
	GlobalSection(SolutionConfigurationPlatforms) = preSolution
		Debug|Any CPU = Debug|Any CPU
		Release|Any CPU = Release|Any CPU
	EndGlobalSection
	GlobalSection(ProjectConfigurationPlatforms) = postSolution
		{91314BB0-E41C-4ED2-938E-A7C6DE4ACA72}.Debug|Any CPU.ActiveCfg = Debug|Any CPU
		{91314BB0-E41C-4ED2-938E-A7C6DE4ACA72}.Debug|Any CPU.Build.0 = Debug|Any CPU
		{91314BB0-E41C-4ED2-938E-A7C6DE4ACA72}.Release|Any CPU.ActiveCfg = Release|Any CPU
		{91314BB0-E41C-4ED2-938E-A7C6DE4ACA72}.Release|Any CPU.Build.0 = Release|Any CPU
	EndGlobalSection
	GlobalSection(SolutionProperties) = preSolution
		HideSolutionNode = FALSE
	EndGlobalSection
	GlobalSection(ExtensibilityGlobals) = postSolution
		SolutionGuid = {EEB135FB-D6E0-43D8-8BD8-6B1F37B977A4}
	EndGlobalSection
EndGlobal
