
Microsoft Visual Studio Solution File, Format Version 12.00
# Visual Studio Version 17
VisualStudioVersion = 17.4.33205.214
MinimumVisualStudioVersion = 10.0.40219.1
Project("{FAE04EC0-301F-11D3-BF4B-00C04F79EFBC}") = "CustomerIssuer", "CustomerIssuer\CustomerIssuer.csproj", "{64B08EA1-D0BC-47EB-95CB-E92A263D1223}"
EndProject
Global
	GlobalSection(SolutionConfigurationPlatforms) = preSolution
		Debug|Any CPU = Debug|Any CPU
		Release|Any CPU = Release|Any CPU
	EndGlobalSection
	GlobalSection(ProjectConfigurationPlatforms) = postSolution
		{64B08EA1-D0BC-47EB-95CB-E92A263D1223}.Debug|Any CPU.ActiveCfg = Debug|Any CPU
		{64B08EA1-D0BC-47EB-95CB-E92A263D1223}.Debug|Any CPU.Build.0 = Debug|Any CPU
		{64B08EA1-D0BC-47EB-95CB-E92A263D1223}.Release|Any CPU.ActiveCfg = Release|Any CPU
		{64B08EA1-D0BC-47EB-95CB-E92A263D1223}.Release|Any CPU.Build.0 = Release|Any CPU
	EndGlobalSection
	GlobalSection(SolutionProperties) = preSolution
		HideSolutionNode = FALSE
	EndGlobalSection
	GlobalSection(ExtensibilityGlobals) = postSolution
		SolutionGuid = {3FFC130C-4204-4804-8E51-DA1C35B23079}
	EndGlobalSection
EndGlobal
